// !$*UTF8*$!
{
	archiveVersion = 1;
	classes = {
	};
	objectVersion = 50;
	objects = {

/* Begin PBXBuildFile section */
		8406FAFB237FE704008ECC6C /* API.swift in Sources */ = {isa = PBXBuildFile; fileRef = 8406FAFA237FE704008ECC6C /* API.swift */; };
		8406FB00237FEB08008ECC6C /* Controller.swift in Sources */ = {isa = PBXBuildFile; fileRef = 8406FAFF237FEB08008ECC6C /* Controller.swift */; };
		84FD64E22376A8FD00EA9F43 /* AppDelegate.swift in Sources */ = {isa = PBXBuildFile; fileRef = 84FD64E12376A8FD00EA9F43 /* AppDelegate.swift */; };
		84FD64E42376A8FD00EA9F43 /* SceneDelegate.swift in Sources */ = {isa = PBXBuildFile; fileRef = 84FD64E32376A8FD00EA9F43 /* SceneDelegate.swift */; };
		84FD64E62376A8FD00EA9F43 /* ViewController.swift in Sources */ = {isa = PBXBuildFile; fileRef = 84FD64E52376A8FD00EA9F43 /* ViewController.swift */; };
		84FD64E92376A8FD00EA9F43 /* Main.storyboard in Resources */ = {isa = PBXBuildFile; fileRef = 84FD64E72376A8FD00EA9F43 /* Main.storyboard */; };
		84FD64EB2376A8FF00EA9F43 /* Assets.xcassets in Resources */ = {isa = PBXBuildFile; fileRef = 84FD64EA2376A8FF00EA9F43 /* Assets.xcassets */; };
		84FD64EE2376A8FF00EA9F43 /* LaunchScreen.storyboard in Resources */ = {isa = PBXBuildFile; fileRef = 84FD64EC2376A8FF00EA9F43 /* LaunchScreen.storyboard */; };
		84FD65122376A96300EA9F43 /* Contact.swift in Sources */ = {isa = PBXBuildFile; fileRef = 84FD65112376A96300EA9F43 /* Contact.swift */; };
		84FD65182376CC5600EA9F43 /* AddContact.swift in Sources */ = {isa = PBXBuildFile; fileRef = 84FD65172376CC5600EA9F43 /* AddContact.swift */; };
		84FD651A2376D26300EA9F43 /* MyTableCell.swift in Sources */ = {isa = PBXBuildFile; fileRef = 84FD65192376D26300EA9F43 /* MyTableCell.swift */; };
		84FDF3A42378376300D24AFE /* DeleteView.swift in Sources */ = {isa = PBXBuildFile; fileRef = 84FDF3A32378376300D24AFE /* DeleteView.swift */; };
/* End PBXBuildFile section */

/* Begin PBXFileReference section */
		8406FAFA237FE704008ECC6C /* API.swift */ = {isa = PBXFileReference; lastKnownFileType = sourcecode.swift; path = API.swift; sourceTree = "<group>"; };
		8406FAFF237FEB08008ECC6C /* Controller.swift */ = {isa = PBXFileReference; lastKnownFileType = sourcecode.swift; path = Controller.swift; sourceTree = "<group>"; };
		84FD64DE2376A8FD00EA9F43 /* SingletonAkro.app */ = {isa = PBXFileReference; explicitFileType = wrapper.application; includeInIndex = 0; path = SingletonAkro.app; sourceTree = BUILT_PRODUCTS_DIR; };
		84FD64E12376A8FD00EA9F43 /* AppDelegate.swift */ = {isa = PBXFileReference; lastKnownFileType = sourcecode.swift; path = AppDelegate.swift; sourceTree = "<group>"; };
		84FD64E32376A8FD00EA9F43 /* SceneDelegate.swift */ = {isa = PBXFileReference; lastKnownFileType = sourcecode.swift; path = SceneDelegate.swift; sourceTree = "<group>"; };
		84FD64E52376A8FD00EA9F43 /* ViewController.swift */ = {isa = PBXFileReference; lastKnownFileType = sourcecode.swift; path = ViewController.swift; sourceTree = "<group>"; };
		84FD64E82376A8FD00EA9F43 /* Base */ = {isa = PBXFileReference; lastKnownFileType = file.storyboard; name = Base; path = Base.lproj/Main.storyboard; sourceTree = "<group>"; };
		84FD64EA2376A8FF00EA9F43 /* Assets.xcassets */ = {isa = PBXFileReference; lastKnownFileType = folder.assetcatalog; path = Assets.xcassets; sourceTree = "<group>"; };
		84FD64ED2376A8FF00EA9F43 /* Base */ = {isa = PBXFileReference; lastKnownFileType = file.storyboard; name = Base; path = Base.lproj/LaunchScreen.storyboard; sourceTree = "<group>"; };
		84FD64EF2376A8FF00EA9F43 /* Info.plist */ = {isa = PBXFileReference; lastKnownFileType = text.plist.xml; path = Info.plist; sourceTree = "<group>"; };
		84FD65112376A96300EA9F43 /* Contact.swift */ = {isa = PBXFileReference; lastKnownFileType = sourcecode.swift; path = Contact.swift; sourceTree = "<group>"; };
		84FD65172376CC5600EA9F43 /* AddContact.swift */ = {isa = PBXFileReference; lastKnownFileType = sourcecode.swift; path = AddContact.swift; sourceTree = "<group>"; };
		84FD65192376D26300EA9F43 /* MyTableCell.swift */ = {isa = PBXFileReference; lastKnownFileType = sourcecode.swift; path = MyTableCell.swift; sourceTree = "<group>"; };
		84FDF3A32378376300D24AFE /* DeleteView.swift */ = {isa = PBXFileReference; lastKnownFileType = sourcecode.swift; path = DeleteView.swift; sourceTree = "<group>"; };
/* End PBXFileReference section */

/* Begin PBXFrameworksBuildPhase section */
		84FD64DB2376A8FD00EA9F43 /* Frameworks */ = {
			isa = PBXFrameworksBuildPhase;
			buildActionMask = 2147483647;
			files = (
			);
			runOnlyForDeploymentPostprocessing = 0;
		};
/* End PBXFrameworksBuildPhase section */

/* Begin PBXGroup section */
		8406FAFC237FE75A008ECC6C /* API */ = {
			isa = PBXGroup;
			children = (
				8406FAFA237FE704008ECC6C /* API.swift */,
			);
			path = API;
			sourceTree = "<group>";
		};
		8406FAFD237FEAE2008ECC6C /* Models */ = {
			isa = PBXGroup;
			children = (
				84FD65112376A96300EA9F43 /* Contact.swift */,
			);
			path = Models;
			sourceTree = "<group>";
		};
		8406FAFE237FEAFC008ECC6C /* Controller */ = {
			isa = PBXGroup;
			children = (
				8406FAFF237FEB08008ECC6C /* Controller.swift */,
			);
			path = Controller;
			sourceTree = "<group>";
		};
		8406FB01237FEFC6008ECC6C /* ViewController */ = {
			isa = PBXGroup;
			children = (
				84FD64E52376A8FD00EA9F43 /* ViewController.swift */,
				84FD65172376CC5600EA9F43 /* AddContact.swift */,
				84FDF3A32378376300D24AFE /* DeleteView.swift */,
				84FD65192376D26300EA9F43 /* MyTableCell.swift */,
			);
			path = ViewController;
			sourceTree = "<group>";
		};
		8406FB05237FF0D7008ECC6C /* board */ = {
			isa = PBXGroup;
			children = (
				84FD64EC2376A8FF00EA9F43 /* LaunchScreen.storyboard */,
				84FD64E72376A8FD00EA9F43 /* Main.storyboard */,
			);
			path = board;
			sourceTree = "<group>";
		};
		8406FB06237FF0F2008ECC6C /* base */ = {
			isa = PBXGroup;
			children = (
				84FD64EA2376A8FF00EA9F43 /* Assets.xcassets */,
			);
			path = base;
			sourceTree = "<group>";
		};
		84FD64D52376A8FD00EA9F43 = {
			isa = PBXGroup;
			children = (
				84FD64E02376A8FD00EA9F43 /* SingletonAkro */,
				84FD64DF2376A8FD00EA9F43 /* Products */,
			);
			sourceTree = "<group>";
		};
		84FD64DF2376A8FD00EA9F43 /* Products */ = {
			isa = PBXGroup;
			children = (
				84FD64DE2376A8FD00EA9F43 /* SingletonAkro.app */,
			);
			name = Products;
			sourceTree = "<group>";
		};
		84FD64E02376A8FD00EA9F43 /* SingletonAkro */ = {
			isa = PBXGroup;
			children = (
				84FD64EF2376A8FF00EA9F43 /* Info.plist */,
				84FD64E12376A8FD00EA9F43 /* AppDelegate.swift */,
				84FD64E32376A8FD00EA9F43 /* SceneDelegate.swift */,
				8406FB06237FF0F2008ECC6C /* base */,
				8406FB05237FF0D7008ECC6C /* board */,
				8406FB01237FEFC6008ECC6C /* ViewController */,
				8406FAFE237FEAFC008ECC6C /* Controller */,
				8406FAFD237FEAE2008ECC6C /* Models */,
				8406FAFC237FE75A008ECC6C /* API */,
			);
			path = SingletonAkro;
			sourceTree = "<group>";
		};
/* End PBXGroup section */

/* Begin PBXNativeTarget section */
		84FD64DD2376A8FD00EA9F43 /* SingletonAkro */ = {
			isa = PBXNativeTarget;
			buildConfigurationList = 84FD65082376A8FF00EA9F43 /* Build configuration list for PBXNativeTarget "SingletonAkro" */;
			buildPhases = (
				84FD64DA2376A8FD00EA9F43 /* Sources */,
				84FD64DB2376A8FD00EA9F43 /* Frameworks */,
				84FD64DC2376A8FD00EA9F43 /* Resources */,
			);
			buildRules = (
			);
			dependencies = (
			);
			name = SingletonAkro;
			productName = SingletonAkro;
			productReference = 84FD64DE2376A8FD00EA9F43 /* SingletonAkro.app */;
			productType = "com.apple.product-type.application";
		};
/* End PBXNativeTarget section */

/* Begin PBXProject section */
		84FD64D62376A8FD00EA9F43 /* Project object */ = {
			isa = PBXProject;
			attributes = {
				LastSwiftUpdateCheck = 1110;
				LastUpgradeCheck = 1110;
				ORGANIZATIONNAME = "Admin\U0010\U0010";
				TargetAttributes = {
					84FD64DD2376A8FD00EA9F43 = {
						CreatedOnToolsVersion = 11.1;
					};
				};
			};
			buildConfigurationList = 84FD64D92376A8FD00EA9F43 /* Build configuration list for PBXProject "SingletonAkro" */;
			compatibilityVersion = "Xcode 9.3";
			developmentRegion = en;
			hasScannedForEncodings = 0;
			knownRegions = (
				en,
				Base,
			);
			mainGroup = 84FD64D52376A8FD00EA9F43;
			productRefGroup = 84FD64DF2376A8FD00EA9F43 /* Products */;
			projectDirPath = "";
			projectRoot = "";
			targets = (
				84FD64DD2376A8FD00EA9F43 /* SingletonAkro */,
			);
		};
/* End PBXProject section */

/* Begin PBXResourcesBuildPhase section */
		84FD64DC2376A8FD00EA9F43 /* Resources */ = {
			isa = PBXResourcesBuildPhase;
			buildActionMask = 2147483647;
			files = (
				84FD64EE2376A8FF00EA9F43 /* LaunchScreen.storyboard in Resources */,
				84FD64EB2376A8FF00EA9F43 /* Assets.xcassets in Resources */,
				84FD64E92376A8FD00EA9F43 /* Main.storyboard in Resources */,
			);
			runOnlyForDeploymentPostprocessing = 0;
		};
/* End PBXResourcesBuildPhase section */

/* Begin PBXSourcesBuildPhase section */
		84FD64DA2376A8FD00EA9F43 /* Sources */ = {
			isa = PBXSourcesBuildPhase;
			buildActionMask = 2147483647;
			files = (
				8406FB00237FEB08008ECC6C /* Controller.swift in Sources */,
				84FDF3A42378376300D24AFE /* DeleteView.swift in Sources */,
				84FD65122376A96300EA9F43 /* Contact.swift in Sources */,
				84FD64E62376A8FD00EA9F43 /* ViewController.swift in Sources */,
				84FD651A2376D26300EA9F43 /* MyTableCell.swift in Sources */,
				84FD65182376CC5600EA9F43 /* AddContact.swift in Sources */,
				84FD64E22376A8FD00EA9F43 /* AppDelegate.swift in Sources */,
				8406FAFB237FE704008ECC6C /* API.swift in Sources */,
				84FD64E42376A8FD00EA9F43 /* SceneDelegate.swift in Sources */,
			);
			runOnlyForDeploymentPostprocessing = 0;
		};
/* End PBXSourcesBuildPhase section */

/* Begin PBXVariantGroup section */
		84FD64E72376A8FD00EA9F43 /* Main.storyboard */ = {
			isa = PBXVariantGroup;
			children = (
				84FD64E82376A8FD00EA9F43 /* Base */,
			);
			name = Main.storyboard;
			sourceTree = "<group>";
		};
		84FD64EC2376A8FF00EA9F43 /* LaunchScreen.storyboard */ = {
			isa = PBXVariantGroup;
			children = (
				84FD64ED2376A8FF00EA9F43 /* Base */,
			);
			name = LaunchScreen.storyboard;
			sourceTree = "<group>";
		};
/* End PBXVariantGroup section */

/* Begin XCBuildConfiguration section */
		84FD65062376A8FF00EA9F43 /* Debug */ = {
			isa = XCBuildConfiguration;
			buildSettings = {
				ALWAYS_SEARCH_USER_PATHS = NO;
				CLANG_ANALYZER_NONNULL = YES;
				CLANG_ANALYZER_NUMBER_OBJECT_CONVERSION = YES_AGGRESSIVE;
				CLANG_CXX_LANGUAGE_STANDARD = "gnu++14";
				CLANG_CXX_LIBRARY = "libc++";
				CLANG_ENABLE_MODULES = YES;
				CLANG_ENABLE_OBJC_ARC = YES;
				CLANG_ENABLE_OBJC_WEAK = YES;
				CLANG_WARN_BLOCK_CAPTURE_AUTORELEASING = YES;
				CLANG_WARN_BOOL_CONVERSION = YES;
				CLANG_WARN_COMMA = YES;
				CLANG_WARN_CONSTANT_CONVERSION = YES;
				CLANG_WARN_DEPRECATED_OBJC_IMPLEMENTATIONS = YES;
				CLANG_WARN_DIRECT_OBJC_ISA_USAGE = YES_ERROR;
				CLANG_WARN_DOCUMENTATION_COMMENTS = YES;
				CLANG_WARN_EMPTY_BODY = YES;
				CLANG_WARN_ENUM_CONVERSION = YES;
				CLANG_WARN_INFINITE_RECURSION = YES;
				CLANG_WARN_INT_CONVERSION = YES;
				CLANG_WARN_NON_LITERAL_NULL_CONVERSION = YES;
				CLANG_WARN_OBJC_IMPLICIT_RETAIN_SELF = YES;
				CLANG_WARN_OBJC_LITERAL_CONVERSION = YES;
				CLANG_WARN_OBJC_ROOT_CLASS = YES_ERROR;
				CLANG_WARN_RANGE_LOOP_ANALYSIS = YES;
				CLANG_WARN_STRICT_PROTOTYPES = YES;
				CLANG_WARN_SUSPICIOUS_MOVE = YES;
				CLANG_WARN_UNGUARDED_AVAILABILITY = YES_AGGRESSIVE;
				CLANG_WARN_UNREACHABLE_CODE = YES;
				CLANG_WARN__DUPLICATE_METHOD_MATCH = YES;
				COPY_PHASE_STRIP = NO;
				DEBUG_INFORMATION_FORMAT = dwarf;
				ENABLE_STRICT_OBJC_MSGSEND = YES;
				ENABLE_TESTABILITY = YES;
				GCC_C_LANGUAGE_STANDARD = gnu11;
				GCC_DYNAMIC_NO_PIC = NO;
				GCC_NO_COMMON_BLOCKS = YES;
				GCC_OPTIMIZATION_LEVEL = 0;
				GCC_PREPROCESSOR_DEFINITIONS = (
					"DEBUG=1",
					"$(inherited)",
				);
				GCC_WARN_64_TO_32_BIT_CONVERSION = YES;
				GCC_WARN_ABOUT_RETURN_TYPE = YES_ERROR;
				GCC_WARN_UNDECLARED_SELECTOR = YES;
				GCC_WARN_UNINITIALIZED_AUTOS = YES_AGGRESSIVE;
				GCC_WARN_UNUSED_FUNCTION = YES;
				GCC_WARN_UNUSED_VARIABLE = YES;
				IPHONEOS_DEPLOYMENT_TARGET = 13.1;
				MTL_ENABLE_DEBUG_INFO = INCLUDE_SOURCE;
				MTL_FAST_MATH = YES;
				ONLY_ACTIVE_ARCH = YES;
				SDKROOT = iphoneos;
				SWIFT_ACTIVE_COMPILATION_CONDITIONS = DEBUG;
				SWIFT_OPTIMIZATION_LEVEL = "-Onone";
			};
			name = Debug;
		};
		84FD65072376A8FF00EA9F43 /* Release */ = {
			isa = XCBuildConfiguration;
			buildSettings = {
				ALWAYS_SEARCH_USER_PATHS = NO;
				CLANG_ANALYZER_NONNULL = YES;
				CLANG_ANALYZER_NUMBER_OBJECT_CONVERSION = YES_AGGRESSIVE;
				CLANG_CXX_LANGUAGE_STANDARD = "gnu++14";
				CLANG_CXX_LIBRARY = "libc++";
				CLANG_ENABLE_MODULES = YES;
				CLANG_ENABLE_OBJC_ARC = YES;
				CLANG_ENABLE_OBJC_WEAK = YES;
				CLANG_WARN_BLOCK_CAPTURE_AUTORELEASING = YES;
				CLANG_WARN_BOOL_CONVERSION = YES;
				CLANG_WARN_COMMA = YES;
				CLANG_WARN_CONSTANT_CONVERSION = YES;
				CLANG_WARN_DEPRECATED_OBJC_IMPLEMENTATIONS = YES;
				CLANG_WARN_DIRECT_OBJC_ISA_USAGE = YES_ERROR;
				CLANG_WARN_DOCUMENTATION_COMMENTS = YES;
				CLANG_WARN_EMPTY_BODY = YES;
				CLANG_WARN_ENUM_CONVERSION = YES;
				CLANG_WARN_INFINITE_RECURSION = YES;
				CLANG_WARN_INT_CONVERSION = YES;
				CLANG_WARN_NON_LITERAL_NULL_CONVERSION = YES;
				CLANG_WARN_OBJC_IMPLICIT_RETAIN_SELF = YES;
				CLANG_WARN_OBJC_LITERAL_CONVERSION = YES;
				CLANG_WARN_OBJC_ROOT_CLASS = YES_ERROR;
				CLANG_WARN_RANGE_LOOP_ANALYSIS = YES;
				CLANG_WARN_STRICT_PROTOTYPES = YES;
				CLANG_WARN_SUSPICIOUS_MOVE = YES;
				CLANG_WARN_UNGUARDED_AVAILABILITY = YES_AGGRESSIVE;
				CLANG_WARN_UNREACHABLE_CODE = YES;
				CLANG_WARN__DUPLICATE_METHOD_MATCH = YES;
				COPY_PHASE_STRIP = NO;
				DEBUG_INFORMATION_FORMAT = "dwarf-with-dsym";
				ENABLE_NS_ASSERTIONS = NO;
				ENABLE_STRICT_OBJC_MSGSEND = YES;
				GCC_C_LANGUAGE_STANDARD = gnu11;
				GCC_NO_COMMON_BLOCKS = YES;
				GCC_WARN_64_TO_32_BIT_CONVERSION = YES;
				GCC_WARN_ABOUT_RETURN_TYPE = YES_ERROR;
				GCC_WARN_UNDECLARED_SELECTOR = YES;
				GCC_WARN_UNINITIALIZED_AUTOS = YES_AGGRESSIVE;
				GCC_WARN_UNUSED_FUNCTION = YES;
				GCC_WARN_UNUSED_VARIABLE = YES;
				IPHONEOS_DEPLOYMENT_TARGET = 13.1;
				MTL_ENABLE_DEBUG_INFO = NO;
				MTL_FAST_MATH = YES;
				SDKROOT = iphoneos;
				SWIFT_COMPILATION_MODE = wholemodule;
				SWIFT_OPTIMIZATION_LEVEL = "-O";
				VALIDATE_PRODUCT = YES;
			};
			name = Release;
		};
		84FD65092376A8FF00EA9F43 /* Debug */ = {
			isa = XCBuildConfiguration;
			buildSettings = {
				ASSETCATALOG_COMPILER_APPICON_NAME = AppIcon;
				CODE_SIGN_STYLE = Automatic;
				INFOPLIST_FILE = SingletonAkro/Info.plist;
				IPHONEOS_DEPLOYMENT_TARGET = 13.0;
				LD_RUNPATH_SEARCH_PATHS = (
					"$(inherited)",
					"@executable_path/Frameworks",
				);
				PRODUCT_BUNDLE_IDENTIFIER = admin.SingletonAkro;
				PRODUCT_NAME = "$(TARGET_NAME)";
				SWIFT_VERSION = 5.0;
				TARGETED_DEVICE_FAMILY = "1,2";
			};
			name = Debug;
		};
		84FD650A2376A8FF00EA9F43 /* Release */ = {
			isa = XCBuildConfiguration;
			buildSettings = {
				ASSETCATALOG_COMPILER_APPICON_NAME = AppIcon;
				CODE_SIGN_STYLE = Automatic;
				INFOPLIST_FILE = SingletonAkro/Info.plist;
				IPHONEOS_DEPLOYMENT_TARGET = 13.0;
				LD_RUNPATH_SEARCH_PATHS = (
					"$(inherited)",
					"@executable_path/Frameworks",
				);
				PRODUCT_BUNDLE_IDENTIFIER = admin.SingletonAkro;
				PRODUCT_NAME = "$(TARGET_NAME)";
				SWIFT_VERSION = 5.0;
				TARGETED_DEVICE_FAMILY = "1,2";
			};
			name = Release;
		};
/* End XCBuildConfiguration section */

/* Begin XCConfigurationList section */
		84FD64D92376A8FD00EA9F43 /* Build configuration list for PBXProject "SingletonAkro" */ = {
			isa = XCConfigurationList;
			buildConfigurations = (
				84FD65062376A8FF00EA9F43 /* Debug */,
				84FD65072376A8FF00EA9F43 /* Release */,
			);
			defaultConfigurationIsVisible = 0;
			defaultConfigurationName = Release;
		};
		84FD65082376A8FF00EA9F43 /* Build configuration list for PBXNativeTarget "SingletonAkro" */ = {
			isa = XCConfigurationList;
			buildConfigurations = (
				84FD65092376A8FF00EA9F43 /* Debug */,
				84FD650A2376A8FF00EA9F43 /* Release */,
			);
			defaultConfigurationIsVisible = 0;
			defaultConfigurationName = Release;
		};
/* End XCConfigurationList section */
	};
	rootObject = 84FD64D62376A8FD00EA9F43 /* Project object */;
}
